# Generated by flatpak/ci/generate_python_manifest.py with Python 3.13 from flatpak/requirements-build-tools.txt.
# Run with --upgrade to select newer transitive dependency versions.
meson==1.7.0
    # via
    #   -r flatpak/requirements-build-tools.txt
    #   meson-python
meson-python==0.17.1
    # via -r flatpak/requirements-build-tools.txt
packaging==24.2
    # via
    #   -r flatpak/requirements-build-tools.txt
    #   meson-python
    #   pyproject-metadata
patchelf==0.17.2.1
    # via -r flatpak/requirements-build-tools.txt
pyproject-metadata==0.12.1
    # via meson-python
wheel==0.45.1
    # via -r flatpak/requirements-build-tools.txt

# The following packages are considered to be unsafe in a requirements file:
setuptools==80.9.0
    # via -r flatpak/requirements-build-tools.txt
