# Generated by flatpak/ci/generate_python_manifest.py with Python 3.13.
# Run with --upgrade to select newer transitive dependency versions.
async-lru==2.0.4
    # via -r requirements.txt
cairocffi==1.7.1
    # via cairosvg
cairosvg==2.7.1
    # via -r requirements.txt
certifi==2026.7.22
    # via requests
cffi==2.1.1
    # via cairocffi
charset-normalizer==3.5.1
    # via requests
contourpy==1.3.3
    # via matplotlib
cssselect2==0.9.0
    # via cairosvg
cycler==0.12.1
    # via matplotlib
dasbus==1.7
    # via -r requirements.txt
defusedxml==0.7.1
    # via cairosvg
evdev==1.9.1
    # via -r requirements.txt
fonttools==4.56.0
    # via
    #   -r requirements.txt
    #   matplotlib
fuzzywuzzy==0.18.0
    # via -r requirements.txt
idna==3.19
    # via requests
kiwisolver==1.5.1
    # via matplotlib
levenshtein==0.27.3
    # via -r requirements.txt
loguru==0.7.3
    # via
    #   -r requirements.txt
    #   streamcontroller-plugin-tools
matplotlib==3.10.0
    # via -r requirements.txt
numpy==2.2.3
    # via
    #   -r requirements.txt
    #   contourpy
    #   matplotlib
    #   opencv-python-headless
opencv-python-headless==4.11.0.86
    # via -r requirements.txt
packaging==24.2
    # via
    #   -r requirements.txt
    #   matplotlib
pillow==11.1.0
    # via
    #   -r requirements.txt
    #   cairosvg
    #   matplotlib
plumbum==2.0.2
    # via rpyc
psutil==7.0.0
    # via -r requirements.txt
pulsectl==24.12.0
    # via -r requirements.txt
pycairo==1.29.1
    # via pygobject
pycparser==3.0
    # via cffi
pygobject==3.50.0
    # via -r requirements.txt
pyparsing==3.3.2
    # via matplotlib
python-dateutil==2.9.0.post0
    # via matplotlib
python-wayland-extra==0.7.0
    # via -r requirements.txt
python-xlib==0.33
    # via -r requirements.txt
pyudev==0.24.4
    # via usb-monitor
rapidfuzz==3.14.3
    # via
    #   -r requirements.txt
    #   levenshtein
requests==2.32.3
    # via -r requirements.txt
rpyc==6.0.1
    # via
    #   -r requirements.txt
    #   streamcontroller-plugin-tools
setproctitle==1.3.5
    # via -r requirements.txt
six==1.17.0
    # via
    #   python-dateutil
    #   python-xlib
streamcontroller-plugin-tools==2.0.2
    # via -r requirements.txt
streamcontroller-streamdeck==0.1.5
    # via -r requirements.txt
tinycss2==1.5.1
    # via
    #   cairosvg
    #   cssselect2
typing-extensions==4.14.1
    # via -r requirements.txt
urllib3==2.7.0
    # via requests
usb-monitor==1.23
    # via -r requirements.txt
webencodings==0.6.1
    # via
    #   cssselect2
    #   tinycss2
websocket-client==1.8.0
    # via -r requirements.txt
